
Microsoft Visual Studio Solution File, Format Version 12.00
# Visual Studio 14
VisualStudioVersion = 14.0.25420.1
MinimumVisualStudioVersion = 10.0.40219.1
Project("{FAE04EC0-301F-11D3-BF4B-00C04F79EFBC}") = "VideoLibraryAppExpanded", "VideoLibraryApp\VideoLibraryAppExpanded.csproj", "{E7040981-1A6D-4B72-8F89-AC42162973D8}"
EndProject
Project("{FAE04EC0-301F-11D3-BF4B-00C04F79EFBC}") = "VideoLibraryBusinessLayer", "VideoLibraryBusinessLayer\VideoLibraryBusinessLayer.csproj", "{FE494A20-D70C-4C1D-8665-45E01F3ED2C3}"
EndProject
Global
	GlobalSection(SolutionConfigurationPlatforms) = preSolution
		Debug|Any CPU = Debug|Any CPU
		Release|Any CPU = Release|Any CPU
	EndGlobalSection
	GlobalSection(ProjectConfigurationPlatforms) = postSolution
		{E7040981-1A6D-4B72-8F89-AC42162973D8}.Debug|Any CPU.ActiveCfg = Debug|Any CPU
		{E7040981-1A6D-4B72-8F89-AC42162973D8}.Debug|Any CPU.Build.0 = Debug|Any CPU
		{E7040981-1A6D-4B72-8F89-AC42162973D8}.Release|Any CPU.ActiveCfg = Release|Any CPU
		{E7040981-1A6D-4B72-8F89-AC42162973D8}.Release|Any CPU.Build.0 = Release|Any CPU
		{FE494A20-D70C-4C1D-8665-45E01F3ED2C3}.Debug|Any CPU.ActiveCfg = Debug|Any CPU
		{FE494A20-D70C-4C1D-8665-45E01F3ED2C3}.Debug|Any CPU.Build.0 = Debug|Any CPU
		{FE494A20-D70C-4C1D-8665-45E01F3ED2C3}.Release|Any CPU.ActiveCfg = Release|Any CPU
		{FE494A20-D70C-4C1D-8665-45E01F3ED2C3}.Release|Any CPU.Build.0 = Release|Any CPU
	EndGlobalSection
	GlobalSection(SolutionProperties) = preSolution
		HideSolutionNode = FALSE
	EndGlobalSection
EndGlobal
